// !$*UTF8*$!
{
	archiveVersion = 1;
	classes = {
	};
	objectVersion = 50;
	objects = {

/* Begin PBXBuildFile section */
		836DEB8B21EA78BB00194153 /* AppDelegate.swift in Sources */ = {isa = PBXBuildFile; fileRef = 836DEB8A21EA78BB00194153 /* AppDelegate.swift */; };
		836DEB8D21EA78BB00194153 /* ViewController.swift in Sources */ = {isa = PBXBuildFile; fileRef = 836DEB8C21EA78BB00194153 /* ViewController.swift */; };
		836DEB9021EA78BB00194153 /* Main.storyboard in Resources */ = {isa = PBXBuildFile; fileRef = 836DEB8E21EA78BB00194153 /* Main.storyboard */; };
		836DEB9221EA78BC00194153 /* Assets.xcassets in Resources */ = {isa = PBXBuildFile; fileRef = 836DEB9121EA78BC00194153 /* Assets.xcassets */; };
		836DEB9521EA78BC00194153 /* LaunchScreen.storyboard in Resources */ = {isa = PBXBuildFile; fileRef = 836DEB9321EA78BC00194153 /* LaunchScreen.storyboard */; };
		836DEBA021EA78BC00194153 /* BasicNavigationTests.swift in Sources */ = {isa = PBXBuildFile; fileRef = 836DEB9F21EA78BC00194153 /* BasicNavigationTests.swift */; };
		836DEBAB21EA78BC00194153 /* BasicNavigationUITests.swift in Sources */ = {isa = PBXBuildFile; fileRef = 836DEBAA21EA78BC00194153 /* BasicNavigationUITests.swift */; };
		836DEBBD21EA80D900194153 /* ColorViewController.swift in Sources */ = {isa = PBXBuildFile; fileRef = 836DEBBC21EA80D900194153 /* ColorViewController.swift */; };
/* End PBXBuildFile section */

/* Begin PBXContainerItemProxy section */
		836DEB9C21EA78BC00194153 /* PBXContainerItemProxy */ = {
			isa = PBXContainerItemProxy;
			containerPortal = 836DEB7F21EA78BB00194153 /* Project object */;
			proxyType = 1;
			remoteGlobalIDString = 836DEB8621EA78BB00194153;
			remoteInfo = BasicNavigation;
		};
		836DEBA721EA78BC00194153 /* PBXContainerItemProxy */ = {
			isa = PBXContainerItemProxy;
			containerPortal = 836DEB7F21EA78BB00194153 /* Project object */;
			proxyType = 1;
			remoteGlobalIDString = 836DEB8621EA78BB00194153;
			remoteInfo = BasicNavigation;
		};
/* End PBXContainerItemProxy section */

/* Begin PBXFileReference section */
		836DEB8721EA78BB00194153 /* BasicNavigation.app */ = {isa = PBXFileReference; explicitFileType = wrapper.application; includeInIndex = 0; path = BasicNavigation.app; sourceTree = BUILT_PRODUCTS_DIR; };
		836DEB8A21EA78BB00194153 /* AppDelegate.swift */ = {isa = PBXFileReference; lastKnownFileType = sourcecode.swift; path = AppDelegate.swift; sourceTree = "<group>"; };
		836DEB8C21EA78BB00194153 /* ViewController.swift */ = {isa = PBXFileReference; lastKnownFileType = sourcecode.swift; path = ViewController.swift; sourceTree = "<group>"; };
		836DEB8F21EA78BB00194153 /* Base */ = {isa = PBXFileReference; lastKnownFileType = file.storyboard; name = Base; path = Base.lproj/Main.storyboard; sourceTree = "<group>"; };
		836DEB9121EA78BC00194153 /* Assets.xcassets */ = {isa = PBXFileReference; lastKnownFileType = folder.assetcatalog; path = Assets.xcassets; sourceTree = "<group>"; };
		836DEB9421EA78BC00194153 /* Base */ = {isa = PBXFileReference; lastKnownFileType = file.storyboard; name = Base; path = Base.lproj/LaunchScreen.storyboard; sourceTree = "<group>"; };
		836DEB9621EA78BC00194153 /* Info.plist */ = {isa = PBXFileReference; lastKnownFileType = text.plist.xml; path = Info.plist; sourceTree = "<group>"; };
		836DEB9B21EA78BC00194153 /* BasicNavigationTests.xctest */ = {isa = PBXFileReference; explicitFileType = wrapper.cfbundle; includeInIndex = 0; path = BasicNavigationTests.xctest; sourceTree = BUILT_PRODUCTS_DIR; };
		836DEB9F21EA78BC00194153 /* BasicNavigationTests.swift */ = {isa = PBXFileReference; lastKnownFileType = sourcecode.swift; path = BasicNavigationTests.swift; sourceTree = "<group>"; };
		836DEBA121EA78BC00194153 /* Info.plist */ = {isa = PBXFileReference; lastKnownFileType = text.plist.xml; path = Info.plist; sourceTree = "<group>"; };
		836DEBA621EA78BC00194153 /* BasicNavigationUITests.xctest */ = {isa = PBXFileReference; explicitFileType = wrapper.cfbundle; includeInIndex = 0; path = BasicNavigationUITests.xctest; sourceTree = BUILT_PRODUCTS_DIR; };
		836DEBAA21EA78BC00194153 /* BasicNavigationUITests.swift */ = {isa = PBXFileReference; lastKnownFileType = sourcecode.swift; path = BasicNavigationUITests.swift; sourceTree = "<group>"; };
		836DEBAC21EA78BC00194153 /* Info.plist */ = {isa = PBXFileReference; lastKnownFileType = text.plist.xml; path = Info.plist; sourceTree = "<group>"; };
		836DEBBC21EA80D900194153 /* ColorViewController.swift */ = {isa = PBXFileReference; lastKnownFileType = sourcecode.swift; path = ColorViewController.swift; sourceTree = "<group>"; };
/* End PBXFileReference section */

/* Begin PBXFrameworksBuildPhase section */
		836DEB8421EA78BB00194153 /* Frameworks */ = {
			isa = PBXFrameworksBuildPhase;
			buildActionMask = 2147483647;
			files = (
			);
			runOnlyForDeploymentPostprocessing = 0;
		};
		836DEB9821EA78BC00194153 /* Frameworks */ = {
			isa = PBXFrameworksBuildPhase;
			buildActionMask = 2147483647;
			files = (
			);
			runOnlyForDeploymentPostprocessing = 0;
		};
		836DEBA321EA78BC00194153 /* Frameworks */ = {
			isa = PBXFrameworksBuildPhase;
			buildActionMask = 2147483647;
			files = (
			);
			runOnlyForDeploymentPostprocessing = 0;
		};
/* End PBXFrameworksBuildPhase section */

/* Begin PBXGroup section */
		836DEB7E21EA78BB00194153 = {
			isa = PBXGroup;
			children = (
				836DEB8921EA78BB00194153 /* BasicNavigation */,
				836DEB9E21EA78BC00194153 /* BasicNavigationTests */,
				836DEBA921EA78BC00194153 /* BasicNavigationUITests */,
				836DEB8821EA78BB00194153 /* Products */,
			);
			sourceTree = "<group>";
		};
		836DEB8821EA78BB00194153 /* Products */ = {
			isa = PBXGroup;
			children = (
				836DEB8721EA78BB00194153 /* BasicNavigation.app */,
				836DEB9B21EA78BC00194153 /* BasicNavigationTests.xctest */,
				836DEBA621EA78BC00194153 /* BasicNavigationUITests.xctest */,
			);
			name = Products;
			sourceTree = "<group>";
		};
		836DEB8921EA78BB00194153 /* BasicNavigation */ = {
			isa = PBXGroup;
			children = (
				836DEB8C21EA78BB00194153 /* ViewController.swift */,
				836DEBBC21EA80D900194153 /* ColorViewController.swift */,
				836DEB8E21EA78BB00194153 /* Main.storyboard */,
				836DEB8A21EA78BB00194153 /* AppDelegate.swift */,
				836DEB9121EA78BC00194153 /* Assets.xcassets */,
				836DEB9321EA78BC00194153 /* LaunchScreen.storyboard */,
				836DEB9621EA78BC00194153 /* Info.plist */,
			);
			path = BasicNavigation;
			sourceTree = "<group>";
		};
		836DEB9E21EA78BC00194153 /* BasicNavigationTests */ = {
			isa = PBXGroup;
			children = (
				836DEB9F21EA78BC00194153 /* BasicNavigationTests.swift */,
				836DEBA121EA78BC00194153 /* Info.plist */,
			);
			path = BasicNavigationTests;
			sourceTree = "<group>";
		};
		836DEBA921EA78BC00194153 /* BasicNavigationUITests */ = {
			isa = PBXGroup;
			children = (
				836DEBAA21EA78BC00194153 /* BasicNavigationUITests.swift */,
				836DEBAC21EA78BC00194153 /* Info.plist */,
			);
			path = BasicNavigationUITests;
			sourceTree = "<group>";
		};
/* End PBXGroup section */

/* Begin PBXNativeTarget section */
		836DEB8621EA78BB00194153 /* BasicNavigation */ = {
			isa = PBXNativeTarget;
			buildConfigurationList = 836DEBAF21EA78BC00194153 /* Build configuration list for PBXNativeTarget "BasicNavigation" */;
			buildPhases = (
				836DEB8321EA78BB00194153 /* Sources */,
				836DEB8421EA78BB00194153 /* Frameworks */,
				836DEB8521EA78BB00194153 /* Resources */,
			);
			buildRules = (
			);
			dependencies = (
			);
			name = BasicNavigation;
			productName = BasicNavigation;
			productReference = 836DEB8721EA78BB00194153 /* BasicNavigation.app */;
			productType = "com.apple.product-type.application";
		};
		836DEB9A21EA78BC00194153 /* BasicNavigationTests */ = {
			isa = PBXNativeTarget;
			buildConfigurationList = 836DEBB221EA78BC00194153 /* Build configuration list for PBXNativeTarget "BasicNavigationTests" */;
			buildPhases = (
				836DEB9721EA78BC00194153 /* Sources */,
				836DEB9821EA78BC00194153 /* Frameworks */,
				836DEB9921EA78BC00194153 /* Resources */,
			);
			buildRules = (
			);
			dependencies = (
				836DEB9D21EA78BC00194153 /* PBXTargetDependency */,
			);
			name = BasicNavigationTests;
			productName = BasicNavigationTests;
			productReference = 836DEB9B21EA78BC00194153 /* BasicNavigationTests.xctest */;
			productType = "com.apple.product-type.bundle.unit-test";
		};
		836DEBA521EA78BC00194153 /* BasicNavigationUITests */ = {
			isa = PBXNativeTarget;
			buildConfigurationList = 836DEBB521EA78BC00194153 /* Build configuration list for PBXNativeTarget "BasicNavigationUITests" */;
			buildPhases = (
				836DEBA221EA78BC00194153 /* Sources */,
				836DEBA321EA78BC00194153 /* Frameworks */,
				836DEBA421EA78BC00194153 /* Resources */,
			);
			buildRules = (
			);
			dependencies = (
				836DEBA821EA78BC00194153 /* PBXTargetDependency */,
			);
			name = BasicNavigationUITests;
			productName = BasicNavigationUITests;
			productReference = 836DEBA621EA78BC00194153 /* BasicNavigationUITests.xctest */;
			productType = "com.apple.product-type.bundle.ui-testing";
		};
/* End PBXNativeTarget section */

/* Begin PBXProject section */
		836DEB7F21EA78BB00194153 /* Project object */ = {
			isa = PBXProject;
			attributes = {
				LastSwiftUpdateCheck = 1010;
				LastUpgradeCheck = 1010;
				ORGANIZATIONNAME = "Chris Chadillon";
				TargetAttributes = {
					836DEB8621EA78BB00194153 = {
						CreatedOnToolsVersion = 10.1;
					};
					836DEB9A21EA78BC00194153 = {
						CreatedOnToolsVersion = 10.1;
						TestTargetID = 836DEB8621EA78BB00194153;
					};
					836DEBA521EA78BC00194153 = {
						CreatedOnToolsVersion = 10.1;
						TestTargetID = 836DEB8621EA78BB00194153;
					};
				};
			};
			buildConfigurationList = 836DEB8221EA78BB00194153 /* Build configuration list for PBXProject "BasicNavigation" */;
			compatibilityVersion = "Xcode 9.3";
			developmentRegion = en;
			hasScannedForEncodings = 0;
			knownRegions = (
				en,
				Base,
			);
			mainGroup = 836DEB7E21EA78BB00194153;
			productRefGroup = 836DEB8821EA78BB00194153 /* Products */;
			projectDirPath = "";
			projectRoot = "";
			targets = (
				836DEB8621EA78BB00194153 /* BasicNavigation */,
				836DEB9A21EA78BC00194153 /* BasicNavigationTests */,
				836DEBA521EA78BC00194153 /* BasicNavigationUITests */,
			);
		};
/* End PBXProject section */

/* Begin PBXResourcesBuildPhase section */
		836DEB8521EA78BB00194153 /* Resources */ = {
			isa = PBXResourcesBuildPhase;
			buildActionMask = 2147483647;
			files = (
				836DEB9521EA78BC00194153 /* LaunchScreen.storyboard in Resources */,
				836DEB9221EA78BC00194153 /* Assets.xcassets in Resources */,
				836DEB9021EA78BB00194153 /* Main.storyboard in Resources */,
			);
			runOnlyForDeploymentPostprocessing = 0;
		};
		836DEB9921EA78BC00194153 /* Resources */ = {
			isa = PBXResourcesBuildPhase;
			buildActionMask = 2147483647;
			files = (
			);
			runOnlyForDeploymentPostprocessing = 0;
		};
		836DEBA421EA78BC00194153 /* Resources */ = {
			isa = PBXResourcesBuildPhase;
			buildActionMask = 2147483647;
			files = (
			);
			runOnlyForDeploymentPostprocessing = 0;
		};
/* End PBXResourcesBuildPhase section */

/* Begin PBXSourcesBuildPhase section */
		836DEB8321EA78BB00194153 /* Sources */ = {
			isa = PBXSourcesBuildPhase;
			buildActionMask = 2147483647;
			files = (
				836DEB8D21EA78BB00194153 /* ViewController.swift in Sources */,
				836DEBBD21EA80D900194153 /* ColorViewController.swift in Sources */,
				836DEB8B21EA78BB00194153 /* AppDelegate.swift in Sources */,
			);
			runOnlyForDeploymentPostprocessing = 0;
		};
		836DEB9721EA78BC00194153 /* Sources */ = {
			isa = PBXSourcesBuildPhase;
			buildActionMask = 2147483647;
			files = (
				836DEBA021EA78BC00194153 /* BasicNavigationTests.swift in Sources */,
			);
			runOnlyForDeploymentPostprocessing = 0;
		};
		836DEBA221EA78BC00194153 /* Sources */ = {
			isa = PBXSourcesBuildPhase;
			buildActionMask = 2147483647;
			files = (
				836DEBAB21EA78BC00194153 /* BasicNavigationUITests.swift in Sources */,
			);
			runOnlyForDeploymentPostprocessing = 0;
		};
/* End PBXSourcesBuildPhase section */

/* Begin PBXTargetDependency section */
		836DEB9D21EA78BC00194153 /* PBXTargetDependency */ = {
			isa = PBXTargetDependency;
			target = 836DEB8621EA78BB00194153 /* BasicNavigation */;
			targetProxy = 836DEB9C21EA78BC00194153 /* PBXContainerItemProxy */;
		};
		836DEBA821EA78BC00194153 /* PBXTargetDependency */ = {
			isa = PBXTargetDependency;
			target = 836DEB8621EA78BB00194153 /* BasicNavigation */;
			targetProxy = 836DEBA721EA78BC00194153 /* PBXContainerItemProxy */;
		};
/* End PBXTargetDependency section */

/* Begin PBXVariantGroup section */
		836DEB8E21EA78BB00194153 /* Main.storyboard */ = {
			isa = PBXVariantGroup;
			children = (
				836DEB8F21EA78BB00194153 /* Base */,
			);
			name = Main.storyboard;
			sourceTree = "<group>";
		};
		836DEB9321EA78BC00194153 /* LaunchScreen.storyboard */ = {
			isa = PBXVariantGroup;
			children = (
				836DEB9421EA78BC00194153 /* Base */,
			);
			name = LaunchScreen.storyboard;
			sourceTree = "<group>";
		};
/* End PBXVariantGroup section */

/* Begin XCBuildConfiguration section */
		836DEBAD21EA78BC00194153 /* Debug */ = {
			isa = XCBuildConfiguration;
			buildSettings = {
				ALWAYS_SEARCH_USER_PATHS = NO;
				CLANG_ANALYZER_NONNULL = YES;
				CLANG_ANALYZER_NUMBER_OBJECT_CONVERSION = YES_AGGRESSIVE;
				CLANG_CXX_LANGUAGE_STANDARD = "gnu++14";
				CLANG_CXX_LIBRARY = "libc++";
				CLANG_ENABLE_MODULES = YES;
				CLANG_ENABLE_OBJC_ARC = YES;
				CLANG_ENABLE_OBJC_WEAK = YES;
				CLANG_WARN_BLOCK_CAPTURE_AUTORELEASING = YES;
				CLANG_WARN_BOOL_CONVERSION = YES;
				CLANG_WARN_COMMA = YES;
				CLANG_WARN_CONSTANT_CONVERSION = YES;
				CLANG_WARN_DEPRECATED_OBJC_IMPLEMENTATIONS = YES;
				CLANG_WARN_DIRECT_OBJC_ISA_USAGE = YES_ERROR;
				CLANG_WARN_DOCUMENTATION_COMMENTS = YES;
				CLANG_WARN_EMPTY_BODY = YES;
				CLANG_WARN_ENUM_CONVERSION = YES;
				CLANG_WARN_INFINITE_RECURSION = YES;
				CLANG_WARN_INT_CONVERSION = YES;
				CLANG_WARN_NON_LITERAL_NULL_CONVERSION = YES;
				CLANG_WARN_OBJC_IMPLICIT_RETAIN_SELF = YES;
				CLANG_WARN_OBJC_LITERAL_CONVERSION = YES;
				CLANG_WARN_OBJC_ROOT_CLASS = YES_ERROR;
				CLANG_WARN_RANGE_LOOP_ANALYSIS = YES;
				CLANG_WARN_STRICT_PROTOTYPES = YES;
				CLANG_WARN_SUSPICIOUS_MOVE = YES;
				CLANG_WARN_UNGUARDED_AVAILABILITY = YES_AGGRESSIVE;
				CLANG_WARN_UNREACHABLE_CODE = YES;
				CLANG_WARN__DUPLICATE_METHOD_MATCH = YES;
				CODE_SIGN_IDENTITY = "iPhone Developer";
				COPY_PHASE_STRIP = NO;
				DEBUG_INFORMATION_FORMAT = dwarf;
				ENABLE_STRICT_OBJC_MSGSEND = YES;
				ENABLE_TESTABILITY = YES;
				GCC_C_LANGUAGE_STANDARD = gnu11;
				GCC_DYNAMIC_NO_PIC = NO;
				GCC_NO_COMMON_BLOCKS = YES;
				GCC_OPTIMIZATION_LEVEL = 0;
				GCC_PREPROCESSOR_DEFINITIONS = (
					"DEBUG=1",
					"$(inherited)",
				);
				GCC_WARN_64_TO_32_BIT_CONVERSION = YES;
				GCC_WARN_ABOUT_RETURN_TYPE = YES_ERROR;
				GCC_WARN_UNDECLARED_SELECTOR = YES;
				GCC_WARN_UNINITIALIZED_AUTOS = YES_AGGRESSIVE;
				GCC_WARN_UNUSED_FUNCTION = YES;
				GCC_WARN_UNUSED_VARIABLE = YES;
				IPHONEOS_DEPLOYMENT_TARGET = 12.1;
				MTL_ENABLE_DEBUG_INFO = INCLUDE_SOURCE;
				MTL_FAST_MATH = YES;
				ONLY_ACTIVE_ARCH = YES;
				SDKROOT = iphoneos;
				SWIFT_ACTIVE_COMPILATION_CONDITIONS = DEBUG;
				SWIFT_OPTIMIZATION_LEVEL = "-Onone";
			};
			name = Debug;
		};
		836DEBAE21EA78BC00194153 /* Release */ = {
			isa = XCBuildConfiguration;
			buildSettings = {
				ALWAYS_SEARCH_USER_PATHS = NO;
				CLANG_ANALYZER_NONNULL = YES;
				CLANG_ANALYZER_NUMBER_OBJECT_CONVERSION = YES_AGGRESSIVE;
				CLANG_CXX_LANGUAGE_STANDARD = "gnu++14";
				CLANG_CXX_LIBRARY = "libc++";
				CLANG_ENABLE_MODULES = YES;
				CLANG_ENABLE_OBJC_ARC = YES;
				CLANG_ENABLE_OBJC_WEAK = YES;
				CLANG_WARN_BLOCK_CAPTURE_AUTORELEASING = YES;
				CLANG_WARN_BOOL_CONVERSION = YES;
				CLANG_WARN_COMMA = YES;
				CLANG_WARN_CONSTANT_CONVERSION = YES;
				CLANG_WARN_DEPRECATED_OBJC_IMPLEMENTATIONS = YES;
				CLANG_WARN_DIRECT_OBJC_ISA_USAGE = YES_ERROR;
				CLANG_WARN_DOCUMENTATION_COMMENTS = YES;
				CLANG_WARN_EMPTY_BODY = YES;
				CLANG_WARN_ENUM_CONVERSION = YES;
				CLANG_WARN_INFINITE_RECURSION = YES;
				CLANG_WARN_INT_CONVERSION = YES;
				CLANG_WARN_NON_LITERAL_NULL_CONVERSION = YES;
				CLANG_WARN_OBJC_IMPLICIT_RETAIN_SELF = YES;
				CLANG_WARN_OBJC_LITERAL_CONVERSION = YES;
				CLANG_WARN_OBJC_ROOT_CLASS = YES_ERROR;
				CLANG_WARN_RANGE_LOOP_ANALYSIS = YES;
				CLANG_WARN_STRICT_PROTOTYPES = YES;
				CLANG_WARN_SUSPICIOUS_MOVE = YES;
				CLANG_WARN_UNGUARDED_AVAILABILITY = YES_AGGRESSIVE;
				CLANG_WARN_UNREACHABLE_CODE = YES;
				CLANG_WARN__DUPLICATE_METHOD_MATCH = YES;
				CODE_SIGN_IDENTITY = "iPhone Developer";
				COPY_PHASE_STRIP = NO;
				DEBUG_INFORMATION_FORMAT = "dwarf-with-dsym";
				ENABLE_NS_ASSERTIONS = NO;
				ENABLE_STRICT_OBJC_MSGSEND = YES;
				GCC_C_LANGUAGE_STANDARD = gnu11;
				GCC_NO_COMMON_BLOCKS = YES;
				GCC_WARN_64_TO_32_BIT_CONVERSION = YES;
				GCC_WARN_ABOUT_RETURN_TYPE = YES_ERROR;
				GCC_WARN_UNDECLARED_SELECTOR = YES;
				GCC_WARN_UNINITIALIZED_AUTOS = YES_AGGRESSIVE;
				GCC_WARN_UNUSED_FUNCTION = YES;
				GCC_WARN_UNUSED_VARIABLE = YES;
				IPHONEOS_DEPLOYMENT_TARGET = 12.1;
				MTL_ENABLE_DEBUG_INFO = NO;
				MTL_FAST_MATH = YES;
				SDKROOT = iphoneos;
				SWIFT_COMPILATION_MODE = wholemodule;
				SWIFT_OPTIMIZATION_LEVEL = "-O";
				VALIDATE_PRODUCT = YES;
			};
			name = Release;
		};
		836DEBB021EA78BC00194153 /* Debug */ = {
			isa = XCBuildConfiguration;
			buildSettings = {
				ASSETCATALOG_COMPILER_APPICON_NAME = AppIcon;
				CODE_SIGN_STYLE = Automatic;
				DEVELOPMENT_TEAM = QYHALUU72H;
				INFOPLIST_FILE = BasicNavigation/Info.plist;
				LD_RUNPATH_SEARCH_PATHS = (
					"$(inherited)",
					"@executable_path/Frameworks",
				);
				PRODUCT_BUNDLE_IDENTIFIER = "com.apps-etc.BasicNavigation";
				PRODUCT_NAME = "$(TARGET_NAME)";
				SWIFT_VERSION = 4.2;
				TARGETED_DEVICE_FAMILY = "1,2";
			};
			name = Debug;
		};
		836DEBB121EA78BC00194153 /* Release */ = {
			isa = XCBuildConfiguration;
			buildSettings = {
				ASSETCATALOG_COMPILER_APPICON_NAME = AppIcon;
				CODE_SIGN_STYLE = Automatic;
				DEVELOPMENT_TEAM = QYHALUU72H;
				INFOPLIST_FILE = BasicNavigation/Info.plist;
				LD_RUNPATH_SEARCH_PATHS = (
					"$(inherited)",
					"@executable_path/Frameworks",
				);
				PRODUCT_BUNDLE_IDENTIFIER = "com.apps-etc.BasicNavigation";
				PRODUCT_NAME = "$(TARGET_NAME)";
				SWIFT_VERSION = 4.2;
				TARGETED_DEVICE_FAMILY = "1,2";
			};
			name = Release;
		};
		836DEBB321EA78BC00194153 /* Debug */ = {
			isa = XCBuildConfiguration;
			buildSettings = {
				ALWAYS_EMBED_SWIFT_STANDARD_LIBRARIES = YES;
				BUNDLE_LOADER = "$(TEST_HOST)";
				CODE_SIGN_STYLE = Automatic;
				DEVELOPMENT_TEAM = QYHALUU72H;
				INFOPLIST_FILE = BasicNavigationTests/Info.plist;
				LD_RUNPATH_SEARCH_PATHS = (
					"$(inherited)",
					"@executable_path/Frameworks",
					"@loader_path/Frameworks",
				);
				PRODUCT_BUNDLE_IDENTIFIER = "com.apps-etc.BasicNavigationTests";
				PRODUCT_NAME = "$(TARGET_NAME)";
				SWIFT_VERSION = 4.2;
				TARGETED_DEVICE_FAMILY = "1,2";
				TEST_HOST = "$(BUILT_PRODUCTS_DIR)/BasicNavigation.app/BasicNavigation";
			};
			name = Debug;
		};
		836DEBB421EA78BC00194153 /* Release */ = {
			isa = XCBuildConfiguration;
			buildSettings = {
				ALWAYS_EMBED_SWIFT_STANDARD_LIBRARIES = YES;
				BUNDLE_LOADER = "$(TEST_HOST)";
				CODE_SIGN_STYLE = Automatic;
				DEVELOPMENT_TEAM = QYHALUU72H;
				INFOPLIST_FILE = BasicNavigationTests/Info.plist;
				LD_RUNPATH_SEARCH_PATHS = (
					"$(inherited)",
					"@executable_path/Frameworks",
					"@loader_path/Frameworks",
				);
				PRODUCT_BUNDLE_IDENTIFIER = "com.apps-etc.BasicNavigationTests";
				PRODUCT_NAME = "$(TARGET_NAME)";
				SWIFT_VERSION = 4.2;
				TARGETED_DEVICE_FAMILY = "1,2";
				TEST_HOST = "$(BUILT_PRODUCTS_DIR)/BasicNavigation.app/BasicNavigation";
			};
			name = Release;
		};
		836DEBB621EA78BC00194153 /* Debug */ = {
			isa = XCBuildConfiguration;
			buildSettings = {
				ALWAYS_EMBED_SWIFT_STANDARD_LIBRARIES = YES;
				CODE_SIGN_STYLE = Automatic;
				DEVELOPMENT_TEAM = QYHALUU72H;
				INFOPLIST_FILE = BasicNavigationUITests/Info.plist;
				LD_RUNPATH_SEARCH_PATHS = (
					"$(inherited)",
					"@executable_path/Frameworks",
					"@loader_path/Frameworks",
				);
				PRODUCT_BUNDLE_IDENTIFIER = "com.apps-etc.BasicNavigationUITests";
				PRODUCT_NAME = "$(TARGET_NAME)";
				SWIFT_VERSION = 4.2;
				TARGETED_DEVICE_FAMILY = "1,2";
				TEST_TARGET_NAME = BasicNavigation;
			};
			name = Debug;
		};
		836DEBB721EA78BC00194153 /* Release */ = {
			isa = XCBuildConfiguration;
			buildSettings = {
				ALWAYS_EMBED_SWIFT_STANDARD_LIBRARIES = YES;
				CODE_SIGN_STYLE = Automatic;
				DEVELOPMENT_TEAM = QYHALUU72H;
				INFOPLIST_FILE = BasicNavigationUITests/Info.plist;
				LD_RUNPATH_SEARCH_PATHS = (
					"$(inherited)",
					"@executable_path/Frameworks",
					"@loader_path/Frameworks",
				);
				PRODUCT_BUNDLE_IDENTIFIER = "com.apps-etc.BasicNavigationUITests";
				PRODUCT_NAME = "$(TARGET_NAME)";
				SWIFT_VERSION = 4.2;
				TARGETED_DEVICE_FAMILY = "1,2";
				TEST_TARGET_NAME = BasicNavigation;
			};
			name = Release;
		};
/* End XCBuildConfiguration section */

/* Begin XCConfigurationList section */
		836DEB8221EA78BB00194153 /* Build configuration list for PBXProject "BasicNavigation" */ = {
			isa = XCConfigurationList;
			buildConfigurations = (
				836DEBAD21EA78BC00194153 /* Debug */,
				836DEBAE21EA78BC00194153 /* Release */,
			);
			defaultConfigurationIsVisible = 0;
			defaultConfigurationName = Release;
		};
		836DEBAF21EA78BC00194153 /* Build configuration list for PBXNativeTarget "BasicNavigation" */ = {
			isa = XCConfigurationList;
			buildConfigurations = (
				836DEBB021EA78BC00194153 /* Debug */,
				836DEBB121EA78BC00194153 /* Release */,
			);
			defaultConfigurationIsVisible = 0;
			defaultConfigurationName = Release;
		};
		836DEBB221EA78BC00194153 /* Build configuration list for PBXNativeTarget "BasicNavigationTests" */ = {
			isa = XCConfigurationList;
			buildConfigurations = (
				836DEBB321EA78BC00194153 /* Debug */,
				836DEBB421EA78BC00194153 /* Release */,
			);
			defaultConfigurationIsVisible = 0;
			defaultConfigurationName = Release;
		};
		836DEBB521EA78BC00194153 /* Build configuration list for PBXNativeTarget "BasicNavigationUITests" */ = {
			isa = XCConfigurationList;
			buildConfigurations = (
				836DEBB621EA78BC00194153 /* Debug */,
				836DEBB721EA78BC00194153 /* Release */,
			);
			defaultConfigurationIsVisible = 0;
			defaultConfigurationName = Release;
		};
/* End XCConfigurationList section */
	};
	rootObject = 836DEB7F21EA78BB00194153 /* Project object */;
}
